
Microsoft Visual Studio Solution File, Format Version 12.00
# Visual Studio Version 17
VisualStudioVersion = 17.11.35219.272
MinimumVisualStudioVersion = 10.0.40219.1
Project("{FAE04EC0-301F-11D3-BF4B-00C04F79EFBC}") = "SQLite-Connection", "SQLite-Connection\SQLite-Connection.csproj", "{91775728-47CF-441E-8B80-D4115F4724C2}"
EndProject
Global
	GlobalSection(SolutionConfigurationPlatforms) = preSolution
		Debug|Any CPU = Debug|Any CPU
		Release|Any CPU = Release|Any CPU
	EndGlobalSection
	GlobalSection(ProjectConfigurationPlatforms) = postSolution
		{91775728-47CF-441E-8B80-D4115F4724C2}.Debug|Any CPU.ActiveCfg = Debug|Any CPU
		{91775728-47CF-441E-8B80-D4115F4724C2}.Debug|Any CPU.Build.0 = Debug|Any CPU
		{91775728-47CF-441E-8B80-D4115F4724C2}.Release|Any CPU.ActiveCfg = Release|Any CPU
		{91775728-47CF-441E-8B80-D4115F4724C2}.Release|Any CPU.Build.0 = Release|Any CPU
	EndGlobalSection
	GlobalSection(SolutionProperties) = preSolution
		HideSolutionNode = FALSE
	EndGlobalSection
	GlobalSection(ExtensibilityGlobals) = postSolution
		SolutionGuid = {79ABBF86-9BCB-4E64-9106-A574745C47E2}
	EndGlobalSection
EndGlobal
