
Microsoft Visual Studio Solution File, Format Version 12.00
# Visual Studio Version 17
VisualStudioVersion = 17.11.35219.272
MinimumVisualStudioVersion = 10.0.40219.1
Project("{FAE04EC0-301F-11D3-BF4B-00C04F79EFBC}") = "SQLiteDataAdapter_Tutorial", "SQLiteDataAdapter_Tutorial\SQLiteDataAdapter_Tutorial.csproj", "{3357C985-37DA-4DA1-A5AE-24416C19BD25}"
EndProject
Global
	GlobalSection(SolutionConfigurationPlatforms) = preSolution
		Debug|Any CPU = Debug|Any CPU
		Release|Any CPU = Release|Any CPU
	EndGlobalSection
	GlobalSection(ProjectConfigurationPlatforms) = postSolution
		{3357C985-37DA-4DA1-A5AE-24416C19BD25}.Debug|Any CPU.ActiveCfg = Debug|Any CPU
		{3357C985-37DA-4DA1-A5AE-24416C19BD25}.Debug|Any CPU.Build.0 = Debug|Any CPU
		{3357C985-37DA-4DA1-A5AE-24416C19BD25}.Release|Any CPU.ActiveCfg = Release|Any CPU
		{3357C985-37DA-4DA1-A5AE-24416C19BD25}.Release|Any CPU.Build.0 = Release|Any CPU
	EndGlobalSection
	GlobalSection(SolutionProperties) = preSolution
		HideSolutionNode = FALSE
	EndGlobalSection
	GlobalSection(ExtensibilityGlobals) = postSolution
		SolutionGuid = {26C5784D-066F-4374-A370-F1E21A8D44CC}
	EndGlobalSection
EndGlobal
